
Microsoft Visual Studio Solution File, Format Version 12.00
# Visual Studio Version 17
VisualStudioVersion = 17.0.32112.339
MinimumVisualStudioVersion = 10.0.40219.1
Project("{FAE04EC0-301F-11D3-BF4B-00C04F79EFBC}") = "rezka-loader-v2", "rezka-loader-v2\rezka-loader-v2.csproj", "{C3B4D4BA-8163-4579-931B-A40EA81AD851}"
EndProject
Global
	GlobalSection(SolutionConfigurationPlatforms) = preSolution
		Debug|Any CPU = Debug|Any CPU
		Release|Any CPU = Release|Any CPU
	EndGlobalSection
	GlobalSection(ProjectConfigurationPlatforms) = postSolution
		{C3B4D4BA-8163-4579-931B-A40EA81AD851}.Debug|Any CPU.ActiveCfg = Debug|Any CPU
		{C3B4D4BA-8163-4579-931B-A40EA81AD851}.Debug|Any CPU.Build.0 = Debug|Any CPU
		{C3B4D4BA-8163-4579-931B-A40EA81AD851}.Release|Any CPU.ActiveCfg = Release|Any CPU
		{C3B4D4BA-8163-4579-931B-A40EA81AD851}.Release|Any CPU.Build.0 = Release|Any CPU
	EndGlobalSection
	GlobalSection(SolutionProperties) = preSolution
		HideSolutionNode = FALSE
	EndGlobalSection
	GlobalSection(ExtensibilityGlobals) = postSolution
		SolutionGuid = {B71767BC-D142-4CC5-A3FC-B29259A96E15}
	EndGlobalSection
EndGlobal
